# THIS IS AN AUTOGENERATED FILE. DO NOT EDIT THIS FILE DIRECTLY.
# yarn lockfile v1


angular-hotkeys@^1.7.0:
  version "1.7.0"
  resolved "https://registry.yarnpkg.com/angular-hotkeys/-/angular-hotkeys-1.7.0.tgz#052e6b6f44dfcd824427798b7f10e1917e8700a1"

angular-ui-validate@^1.2.3:
  version "1.2.3"
  resolved "https://registry.yarnpkg.com/angular-ui-validate/-/angular-ui-validate-1.2.3.tgz#beb141f64409bfddba65c12f7581b893ddf59321"
